
Microsoft Visual Studio Solution File, Format Version 12.00
# Visual Studio Version 17
VisualStudioVersion = 17.1.32328.378
MinimumVisualStudioVersion = 10.0.40219.1
Project("{FAE04EC0-301F-11D3-BF4B-00C04F79EFBC}") = "OvertimeApi", "OvertimeApi\OvertimeApi.csproj", "{9B14E943-0DCF-4449-A3ED-8B97C82B11ED}"
EndProject
Global
	GlobalSection(SolutionConfigurationPlatforms) = preSolution
		Debug|Any CPU = Debug|Any CPU
		Release|Any CPU = Release|Any CPU
	EndGlobalSection
	GlobalSection(ProjectConfigurationPlatforms) = postSolution
		{9B14E943-0DCF-4449-A3ED-8B97C82B11ED}.Debug|Any CPU.ActiveCfg = Debug|Any CPU
		{9B14E943-0DCF-4449-A3ED-8B97C82B11ED}.Debug|Any CPU.Build.0 = Debug|Any CPU
		{9B14E943-0DCF-4449-A3ED-8B97C82B11ED}.Release|Any CPU.ActiveCfg = Release|Any CPU
		{9B14E943-0DCF-4449-A3ED-8B97C82B11ED}.Release|Any CPU.Build.0 = Release|Any CPU
	EndGlobalSection
	GlobalSection(SolutionProperties) = preSolution
		HideSolutionNode = FALSE
	EndGlobalSection
	GlobalSection(ExtensibilityGlobals) = postSolution
		SolutionGuid = {0CD6BF66-DB20-4344-AC61-7963CED0968A}
	EndGlobalSection
EndGlobal
